
Microsoft Visual Studio Solution File, Format Version 12.00
# Visual Studio Version 17
VisualStudioVersion = 17.4.33205.214
MinimumVisualStudioVersion = 10.0.40219.1
Project("{2150E333-8FDC-42A3-9474-1A3956D46DE8}") = "Data", "Data", "{EF7E6AA2-B881-4316-BD79-E43E169E7942}"
EndProject
Project("{2150E333-8FDC-42A3-9474-1A3956D46DE8}") = "Systems", "Systems", "{AE74620A-AF5E-41F5-8BD1-952FD1FD281A}"
EndProject
Project("{2150E333-8FDC-42A3-9474-1A3956D46DE8}") = "Shared", "Shared", "{4B287EDD-9DFC-4344-A4DB-459CE6763AAA}"
EndProject
Project("{2150E333-8FDC-42A3-9474-1A3956D46DE8}") = "Services", "Services", "{CF03AA21-2B36-4309-BD91-ABE340A81047}"
EndProject
Project("{2150E333-8FDC-42A3-9474-1A3956D46DE8}") = "Api", "Api", "{D125FF2C-C5BF-4D00-83A0-5568E0F672A4}"
EndProject
Project("{2150E333-8FDC-42A3-9474-1A3956D46DE8}") = "Identity", "Identity", "{19D88C27-9470-4652-8128-145199867C2D}"
EndProject
Project("{9A19103F-16F7-4668-BE54-9A1E7A4F7556}") = "OriginalLanguage.Api", "Systems\Api\OriginalLanguage.Api\OriginalLanguage.Api.csproj", "{1C33B8EF-E75A-4101-BA44-81F8BF61C39C}"
EndProject
Project("{9A19103F-16F7-4668-BE54-9A1E7A4F7556}") = "OriginalLanguage.Api.Settings", "Systems\Api\OriginalLanguage.Api.Settings\OriginalLanguage.Api.Settings.csproj", "{20C949B7-C5BB-43F4-A135-B47EFD21312B}"
EndProject
Project("{9A19103F-16F7-4668-BE54-9A1E7A4F7556}") = "OriginalLanguage.Common", "Shared\OriginalLanguage.Common\OriginalLanguage.Common.csproj", "{1405B36B-9C4E-418E-917B-ABD054A4CB57}"
EndProject
Project("{9A19103F-16F7-4668-BE54-9A1E7A4F7556}") = "OriginalLanguage.Settings", "Shared\OriginalLanguage.Settings\OriginalLanguage.Settings.csproj", "{F90F6A61-DFEE-47CC-B801-BB3CBA3E71EB}"
EndProject
Project("{9A19103F-16F7-4668-BE54-9A1E7A4F7556}") = "OriginalLanguage.Services.Settings", "Services\OriginalLanguage.Services.Settings\OriginalLanguage.Services.Settings.csproj", "{194DBD45-ED30-4BDD-A5E1-8293BFC617D6}"
EndProject
Project("{E53339B2-1760-4266-BCC7-CA923CBCF16C}") = "docker-compose", "docker-compose.dcproj", "{D0321AD4-8D2C-4678-BE67-F129414126A7}"
EndProject
Project("{9A19103F-16F7-4668-BE54-9A1E7A4F7556}") = "OriginalLanguage.Context", "Data\OriginalLanguage.Context\OriginalLanguage.Context.csproj", "{30146C5B-8680-4D04-BBFC-FD295813D2C5}"
EndProject
Project("{9A19103F-16F7-4668-BE54-9A1E7A4F7556}") = "OriginalLanguage.Context.Entities", "Data\OriginalLanguage.Context.Entities\OriginalLanguage.Context.Entities.csproj", "{98EF07EE-5E4B-4F56-AA82-6F4711E39EB7}"
EndProject
Project("{2150E333-8FDC-42A3-9474-1A3956D46DE8}") = "Migrations", "Migrations", "{AAE7C525-012E-42E8-B19C-2085DC125E24}"
EndProject
Project("{9A19103F-16F7-4668-BE54-9A1E7A4F7556}") = "OriginalLanguage.Context.MigrationsMSSQL", "Data\Migrations\OriginalLanguage.Context.MigrationsMSSQL\OriginalLanguage.Context.MigrationsMSSQL.csproj", "{70ECA487-2DF0-48B2-876F-EE4E3CCACB36}"
EndProject
Project("{9A19103F-16F7-4668-BE54-9A1E7A4F7556}") = "OriginalLanguage.Context.MigrationsPostgreSQL", "Data\Migrations\OriginalLanguage.Context.MigrationsPostgreSQL\OriginalLanguage.Context.MigrationsPostgreSQL.csproj", "{FC80BF64-7078-481A-8557-1DD3BD8C75B5}"
EndProject
Project("{9A19103F-16F7-4668-BE54-9A1E7A4F7556}") = "OriginalLanguage.Services.Articles", "Services\OriginalLanguage.Services.Articles\OriginalLanguage.Services.Articles.csproj", "{0CA83BAE-D702-4097-B692-E157B5283B91}"
EndProject
Project("{9A19103F-16F7-4668-BE54-9A1E7A4F7556}") = "OriginalLanguage.Identity", "Systems\Identity\OriginalLanguage.Identity\OriginalLanguage.Identity.csproj", "{57D5F703-7A80-4318-BF20-3FAA232F5556}"
EndProject
Project("{9A19103F-16F7-4668-BE54-9A1E7A4F7556}") = "OriginalLanguage.Services.UserAccount", "Services\OriginalLanguage.Services.UserAccount\OriginalLanguage.Services.UserAccount.csproj", "{7CA689F3-189A-41BE-AD76-8B916694D458}"
EndProject
Project("{9A19103F-16F7-4668-BE54-9A1E7A4F7556}") = "OriginalLanguage.Services.Languages", "Services\OriginalLanguage.Services.Languages\OriginalLanguage.Services.Languages.csproj", "{536964E7-80D1-4D9F-8FCE-9FACFE8DFCA9}"
EndProject
Project("{9A19103F-16F7-4668-BE54-9A1E7A4F7556}") = "OriginalLanguage.Services.Courses", "Services\OriginalLanguage.Services.Courses\OriginalLanguage.Services.Courses.csproj", "{A06432B2-B2A1-41CE-8DE3-E9C639295D6C}"
EndProject
Project("{9A19103F-16F7-4668-BE54-9A1E7A4F7556}") = "OriginalLanguage.Services.Lessons", "Services\OriginalLanguage.Services.Lessons\OriginalLanguage.Services.Lessons.csproj", "{649567DE-4466-420C-90DA-53B6E1806153}"
EndProject
Project("{9A19103F-16F7-4668-BE54-9A1E7A4F7556}") = "OriginalLanguage.Services.LessonProgresses", "Services\OriginalLanguage.Services.LessonProgresses\OriginalLanguage.Services.LessonProgresses.csproj", "{C085FE42-A4D0-4C9B-96B6-CF9F09EAADC3}"
EndProject
Project("{9A19103F-16F7-4668-BE54-9A1E7A4F7556}") = "OriginalLanguage.Services.LessonSamples", "Services\OriginalLanguage.Services.LessonSamples\OriginalLanguage.Services.LessonSamples.csproj", "{E01164FE-1111-41B3-B8CB-9F0A8F126AB5}"
EndProject
Project("{9A19103F-16F7-4668-BE54-9A1E7A4F7556}") = "OriginalLanguage.Services.Sentences", "Services\OriginalLanguage.Services.Sentences\OriginalLanguage.Services.Sentences.csproj", "{725586F3-1291-445E-A750-66D3FA3E5213}"
EndProject
Project("{9A19103F-16F7-4668-BE54-9A1E7A4F7556}") = "OriginalLanguage.Services.Cache", "Services\OriginalLanguage.Services.Cache\OriginalLanguage.Services.Cache.csproj", "{6D708BB2-E337-4CFF-B656-585CE76B525A}"
EndProject
Project("{9A19103F-16F7-4668-BE54-9A1E7A4F7556}") = "OriginalLanguage.Services.RabbitMq", "Services\OriginalLanguage.Services.RabbitMq\OriginalLanguage.Services.RabbitMq.csproj", "{8323E643-78FA-459F-A48E-854BD5AC5526}"
EndProject
Project("{9A19103F-16F7-4668-BE54-9A1E7A4F7556}") = "OriginalLanguage.Services.EmailSender", "Services\OriginalLanguage.Services.EmailSender\OriginalLanguage.Services.EmailSender.csproj", "{ADBA492B-E296-4959-91B8-E59E21B64E95}"
EndProject
Project("{2150E333-8FDC-42A3-9474-1A3956D46DE8}") = "Workers", "Workers", "{70C7BF8B-EAE2-4D76-A33C-7354140F23EE}"
EndProject
Project("{9A19103F-16F7-4668-BE54-9A1E7A4F7556}") = "OriginalLanguage.Consts", "Shared\OriginalLanguage.Consts\OriginalLanguage.Consts.csproj", "{6883BD22-0B22-49B0-8431-7D024EB152C9}"
EndProject
Project("{9A19103F-16F7-4668-BE54-9A1E7A4F7556}") = "OriginalLanguage.EmailWorker", "Systems\Workers\OriginalLanguage.EmailWorker\OriginalLanguage.EmailWorker.csproj", "{B16EBD44-60C0-4594-B1A0-3C12DA85085F}"
EndProject
Project("{9A19103F-16F7-4668-BE54-9A1E7A4F7556}") = "OriginalLanguage.Services.Actions", "Services\OriginalLanguage.Services.Actions\OriginalLanguage.Services.Actions.csproj", "{10733EF0-7D0C-4CD4-ABBE-71710AB5A461}"
EndProject
Project("{54A90642-561A-4BB1-A94E-469ADEE60C69}") = "originallanguage.client", "originallanguage.client\originallanguage.client.esproj", "{D6064432-76BE-4F8C-8EBC-716CF0317082}"
EndProject
Project("{9A19103F-16F7-4668-BE54-9A1E7A4F7556}") = "OriginalLanguage.Services.Chats", "Services\OriginalLanguage.Services.Chats\OriginalLanguage.Services.Chats.csproj", "{E94BE5AB-BC46-457E-B6E1-7EF0726AEFB4}"
EndProject
Project("{FAE04EC0-301F-11D3-BF4B-00C04F79EFBC}") = "OriginalLanguage.Services.TaskGenerator", "Services\OriginalLanguage.Services.TaskGenerator\OriginalLanguage.Services.TaskGenerator.csproj", "{C9C26205-58E1-43F7-AE07-70C2F30C9B8E}"
EndProject
Project("{FAE04EC0-301F-11D3-BF4B-00C04F79EFBC}") = "OriginalLanguage.Services.TaskAnswerChecker", "Services\OriginalLanguage.Services.TaskAnswerChecker\OriginalLanguage.Services.TaskAnswerChecker.csproj", "{53AE28B9-940C-497D-B0FE-13C99BBFDF22}"
EndProject
Global
	GlobalSection(SolutionConfigurationPlatforms) = preSolution
		Debug|Any CPU = Debug|Any CPU
		Release|Any CPU = Release|Any CPU
	EndGlobalSection
	GlobalSection(ProjectConfigurationPlatforms) = postSolution
		{1C33B8EF-E75A-4101-BA44-81F8BF61C39C}.Debug|Any CPU.ActiveCfg = Debug|Any CPU
		{1C33B8EF-E75A-4101-BA44-81F8BF61C39C}.Debug|Any CPU.Build.0 = Debug|Any CPU
		{1C33B8EF-E75A-4101-BA44-81F8BF61C39C}.Release|Any CPU.ActiveCfg = Release|Any CPU
		{1C33B8EF-E75A-4101-BA44-81F8BF61C39C}.Release|Any CPU.Build.0 = Release|Any CPU
		{20C949B7-C5BB-43F4-A135-B47EFD21312B}.Debug|Any CPU.ActiveCfg = Debug|Any CPU
		{20C949B7-C5BB-43F4-A135-B47EFD21312B}.Debug|Any CPU.Build.0 = Debug|Any CPU
		{20C949B7-C5BB-43F4-A135-B47EFD21312B}.Release|Any CPU.ActiveCfg = Release|Any CPU
		{20C949B7-C5BB-43F4-A135-B47EFD21312B}.Release|Any CPU.Build.0 = Release|Any CPU
		{1405B36B-9C4E-418E-917B-ABD054A4CB57}.Debug|Any CPU.ActiveCfg = Debug|Any CPU
		{1405B36B-9C4E-418E-917B-ABD054A4CB57}.Debug|Any CPU.Build.0 = Debug|Any CPU
		{1405B36B-9C4E-418E-917B-ABD054A4CB57}.Release|Any CPU.ActiveCfg = Release|Any CPU
		{1405B36B-9C4E-418E-917B-ABD054A4CB57}.Release|Any CPU.Build.0 = Release|Any CPU
		{F90F6A61-DFEE-47CC-B801-BB3CBA3E71EB}.Debug|Any CPU.ActiveCfg = Debug|Any CPU
		{F90F6A61-DFEE-47CC-B801-BB3CBA3E71EB}.Debug|Any CPU.Build.0 = Debug|Any CPU
		{F90F6A61-DFEE-47CC-B801-BB3CBA3E71EB}.Release|Any CPU.ActiveCfg = Release|Any CPU
		{F90F6A61-DFEE-47CC-B801-BB3CBA3E71EB}.Release|Any CPU.Build.0 = Release|Any CPU
		{194DBD45-ED30-4BDD-A5E1-8293BFC617D6}.Debug|Any CPU.ActiveCfg = Debug|Any CPU
		{194DBD45-ED30-4BDD-A5E1-8293BFC617D6}.Debug|Any CPU.Build.0 = Debug|Any CPU
		{194DBD45-ED30-4BDD-A5E1-8293BFC617D6}.Release|Any CPU.ActiveCfg = Release|Any CPU
		{194DBD45-ED30-4BDD-A5E1-8293BFC617D6}.Release|Any CPU.Build.0 = Release|Any CPU
		{D0321AD4-8D2C-4678-BE67-F129414126A7}.Debug|Any CPU.ActiveCfg = Debug|Any CPU
		{D0321AD4-8D2C-4678-BE67-F129414126A7}.Debug|Any CPU.Build.0 = Debug|Any CPU
		{D0321AD4-8D2C-4678-BE67-F129414126A7}.Release|Any CPU.ActiveCfg = Release|Any CPU
		{D0321AD4-8D2C-4678-BE67-F129414126A7}.Release|Any CPU.Build.0 = Release|Any CPU
		{30146C5B-8680-4D04-BBFC-FD295813D2C5}.Debug|Any CPU.ActiveCfg = Debug|Any CPU
		{30146C5B-8680-4D04-BBFC-FD295813D2C5}.Debug|Any CPU.Build.0 = Debug|Any CPU
		{30146C5B-8680-4D04-BBFC-FD295813D2C5}.Release|Any CPU.ActiveCfg = Release|Any CPU
		{30146C5B-8680-4D04-BBFC-FD295813D2C5}.Release|Any CPU.Build.0 = Release|Any CPU
		{98EF07EE-5E4B-4F56-AA82-6F4711E39EB7}.Debug|Any CPU.ActiveCfg = Debug|Any CPU
		{98EF07EE-5E4B-4F56-AA82-6F4711E39EB7}.Debug|Any CPU.Build.0 = Debug|Any CPU
		{98EF07EE-5E4B-4F56-AA82-6F4711E39EB7}.Release|Any CPU.ActiveCfg = Release|Any CPU
		{98EF07EE-5E4B-4F56-AA82-6F4711E39EB7}.Release|Any CPU.Build.0 = Release|Any CPU
		{70ECA487-2DF0-48B2-876F-EE4E3CCACB36}.Debug|Any CPU.ActiveCfg = Debug|Any CPU
		{70ECA487-2DF0-48B2-876F-EE4E3CCACB36}.Debug|Any CPU.Build.0 = Debug|Any CPU
		{70ECA487-2DF0-48B2-876F-EE4E3CCACB36}.Release|Any CPU.ActiveCfg = Release|Any CPU
		{70ECA487-2DF0-48B2-876F-EE4E3CCACB36}.Release|Any CPU.Build.0 = Release|Any CPU
		{FC80BF64-7078-481A-8557-1DD3BD8C75B5}.Debug|Any CPU.ActiveCfg = Debug|Any CPU
		{FC80BF64-7078-481A-8557-1DD3BD8C75B5}.Debug|Any CPU.Build.0 = Debug|Any CPU
		{FC80BF64-7078-481A-8557-1DD3BD8C75B5}.Release|Any CPU.ActiveCfg = Release|Any CPU
		{FC80BF64-7078-481A-8557-1DD3BD8C75B5}.Release|Any CPU.Build.0 = Release|Any CPU
		{0CA83BAE-D702-4097-B692-E157B5283B91}.Debug|Any CPU.ActiveCfg = Debug|Any CPU
		{0CA83BAE-D702-4097-B692-E157B5283B91}.Debug|Any CPU.Build.0 = Debug|Any CPU
		{0CA83BAE-D702-4097-B692-E157B5283B91}.Release|Any CPU.ActiveCfg = Release|Any CPU
		{0CA83BAE-D702-4097-B692-E157B5283B91}.Release|Any CPU.Build.0 = Release|Any CPU
		{57D5F703-7A80-4318-BF20-3FAA232F5556}.Debug|Any CPU.ActiveCfg = Debug|Any CPU
		{57D5F703-7A80-4318-BF20-3FAA232F5556}.Debug|Any CPU.Build.0 = Debug|Any CPU
		{57D5F703-7A80-4318-BF20-3FAA232F5556}.Release|Any CPU.ActiveCfg = Release|Any CPU
		{57D5F703-7A80-4318-BF20-3FAA232F5556}.Release|Any CPU.Build.0 = Release|Any CPU
		{7CA689F3-189A-41BE-AD76-8B916694D458}.Debug|Any CPU.ActiveCfg = Debug|Any CPU
		{7CA689F3-189A-41BE-AD76-8B916694D458}.Debug|Any CPU.Build.0 = Debug|Any CPU
		{7CA689F3-189A-41BE-AD76-8B916694D458}.Release|Any CPU.ActiveCfg = Release|Any CPU
		{7CA689F3-189A-41BE-AD76-8B916694D458}.Release|Any CPU.Build.0 = Release|Any CPU
		{536964E7-80D1-4D9F-8FCE-9FACFE8DFCA9}.Debug|Any CPU.ActiveCfg = Debug|Any CPU
		{536964E7-80D1-4D9F-8FCE-9FACFE8DFCA9}.Debug|Any CPU.Build.0 = Debug|Any CPU
		{536964E7-80D1-4D9F-8FCE-9FACFE8DFCA9}.Release|Any CPU.ActiveCfg = Release|Any CPU
		{536964E7-80D1-4D9F-8FCE-9FACFE8DFCA9}.Release|Any CPU.Build.0 = Release|Any CPU
		{A06432B2-B2A1-41CE-8DE3-E9C639295D6C}.Debug|Any CPU.ActiveCfg = Debug|Any CPU
		{A06432B2-B2A1-41CE-8DE3-E9C639295D6C}.Debug|Any CPU.Build.0 = Debug|Any CPU
		{A06432B2-B2A1-41CE-8DE3-E9C639295D6C}.Release|Any CPU.ActiveCfg = Release|Any CPU
		{A06432B2-B2A1-41CE-8DE3-E9C639295D6C}.Release|Any CPU.Build.0 = Release|Any CPU
		{649567DE-4466-420C-90DA-53B6E1806153}.Debug|Any CPU.ActiveCfg = Debug|Any CPU
		{649567DE-4466-420C-90DA-53B6E1806153}.Debug|Any CPU.Build.0 = Debug|Any CPU
		{649567DE-4466-420C-90DA-53B6E1806153}.Release|Any CPU.ActiveCfg = Release|Any CPU
		{649567DE-4466-420C-90DA-53B6E1806153}.Release|Any CPU.Build.0 = Release|Any CPU
		{C085FE42-A4D0-4C9B-96B6-CF9F09EAADC3}.Debug|Any CPU.ActiveCfg = Debug|Any CPU
		{C085FE42-A4D0-4C9B-96B6-CF9F09EAADC3}.Debug|Any CPU.Build.0 = Debug|Any CPU
		{C085FE42-A4D0-4C9B-96B6-CF9F09EAADC3}.Release|Any CPU.ActiveCfg = Release|Any CPU
		{C085FE42-A4D0-4C9B-96B6-CF9F09EAADC3}.Release|Any CPU.Build.0 = Release|Any CPU
		{E01164FE-1111-41B3-B8CB-9F0A8F126AB5}.Debug|Any CPU.ActiveCfg = Debug|Any CPU
		{E01164FE-1111-41B3-B8CB-9F0A8F126AB5}.Debug|Any CPU.Build.0 = Debug|Any CPU
		{E01164FE-1111-41B3-B8CB-9F0A8F126AB5}.Release|Any CPU.ActiveCfg = Release|Any CPU
		{E01164FE-1111-41B3-B8CB-9F0A8F126AB5}.Release|Any CPU.Build.0 = Release|Any CPU
		{725586F3-1291-445E-A750-66D3FA3E5213}.Debug|Any CPU.ActiveCfg = Debug|Any CPU
		{725586F3-1291-445E-A750-66D3FA3E5213}.Debug|Any CPU.Build.0 = Debug|Any CPU
		{725586F3-1291-445E-A750-66D3FA3E5213}.Release|Any CPU.ActiveCfg = Release|Any CPU
		{725586F3-1291-445E-A750-66D3FA3E5213}.Release|Any CPU.Build.0 = Release|Any CPU
		{6D708BB2-E337-4CFF-B656-585CE76B525A}.Debug|Any CPU.ActiveCfg = Debug|Any CPU
		{6D708BB2-E337-4CFF-B656-585CE76B525A}.Debug|Any CPU.Build.0 = Debug|Any CPU
		{6D708BB2-E337-4CFF-B656-585CE76B525A}.Release|Any CPU.ActiveCfg = Release|Any CPU
		{6D708BB2-E337-4CFF-B656-585CE76B525A}.Release|Any CPU.Build.0 = Release|Any CPU
		{8323E643-78FA-459F-A48E-854BD5AC5526}.Debug|Any CPU.ActiveCfg = Debug|Any CPU
		{8323E643-78FA-459F-A48E-854BD5AC5526}.Debug|Any CPU.Build.0 = Debug|Any CPU
		{8323E643-78FA-459F-A48E-854BD5AC5526}.Release|Any CPU.ActiveCfg = Release|Any CPU
		{8323E643-78FA-459F-A48E-854BD5AC5526}.Release|Any CPU.Build.0 = Release|Any CPU
		{ADBA492B-E296-4959-91B8-E59E21B64E95}.Debug|Any CPU.ActiveCfg = Debug|Any CPU
		{ADBA492B-E296-4959-91B8-E59E21B64E95}.Debug|Any CPU.Build.0 = Debug|Any CPU
		{ADBA492B-E296-4959-91B8-E59E21B64E95}.Release|Any CPU.ActiveCfg = Release|Any CPU
		{ADBA492B-E296-4959-91B8-E59E21B64E95}.Release|Any CPU.Build.0 = Release|Any CPU
		{6883BD22-0B22-49B0-8431-7D024EB152C9}.Debug|Any CPU.ActiveCfg = Debug|Any CPU
		{6883BD22-0B22-49B0-8431-7D024EB152C9}.Debug|Any CPU.Build.0 = Debug|Any CPU
		{6883BD22-0B22-49B0-8431-7D024EB152C9}.Release|Any CPU.ActiveCfg = Release|Any CPU
		{6883BD22-0B22-49B0-8431-7D024EB152C9}.Release|Any CPU.Build.0 = Release|Any CPU
		{B16EBD44-60C0-4594-B1A0-3C12DA85085F}.Debug|Any CPU.ActiveCfg = Debug|Any CPU
		{B16EBD44-60C0-4594-B1A0-3C12DA85085F}.Debug|Any CPU.Build.0 = Debug|Any CPU
		{B16EBD44-60C0-4594-B1A0-3C12DA85085F}.Release|Any CPU.ActiveCfg = Release|Any CPU
		{B16EBD44-60C0-4594-B1A0-3C12DA85085F}.Release|Any CPU.Build.0 = Release|Any CPU
		{10733EF0-7D0C-4CD4-ABBE-71710AB5A461}.Debug|Any CPU.ActiveCfg = Debug|Any CPU
		{10733EF0-7D0C-4CD4-ABBE-71710AB5A461}.Debug|Any CPU.Build.0 = Debug|Any CPU
		{10733EF0-7D0C-4CD4-ABBE-71710AB5A461}.Release|Any CPU.ActiveCfg = Release|Any CPU
		{10733EF0-7D0C-4CD4-ABBE-71710AB5A461}.Release|Any CPU.Build.0 = Release|Any CPU
		{D6064432-76BE-4F8C-8EBC-716CF0317082}.Debug|Any CPU.ActiveCfg = Debug|Any CPU
		{D6064432-76BE-4F8C-8EBC-716CF0317082}.Debug|Any CPU.Build.0 = Debug|Any CPU
		{D6064432-76BE-4F8C-8EBC-716CF0317082}.Debug|Any CPU.Deploy.0 = Debug|Any CPU
		{D6064432-76BE-4F8C-8EBC-716CF0317082}.Release|Any CPU.ActiveCfg = Release|Any CPU
		{D6064432-76BE-4F8C-8EBC-716CF0317082}.Release|Any CPU.Build.0 = Release|Any CPU
		{D6064432-76BE-4F8C-8EBC-716CF0317082}.Release|Any CPU.Deploy.0 = Release|Any CPU
		{E94BE5AB-BC46-457E-B6E1-7EF0726AEFB4}.Debug|Any CPU.ActiveCfg = Debug|Any CPU
		{E94BE5AB-BC46-457E-B6E1-7EF0726AEFB4}.Debug|Any CPU.Build.0 = Debug|Any CPU
		{E94BE5AB-BC46-457E-B6E1-7EF0726AEFB4}.Release|Any CPU.ActiveCfg = Release|Any CPU
		{E94BE5AB-BC46-457E-B6E1-7EF0726AEFB4}.Release|Any CPU.Build.0 = Release|Any CPU
		{C9C26205-58E1-43F7-AE07-70C2F30C9B8E}.Debug|Any CPU.ActiveCfg = Debug|Any CPU
		{C9C26205-58E1-43F7-AE07-70C2F30C9B8E}.Debug|Any CPU.Build.0 = Debug|Any CPU
		{C9C26205-58E1-43F7-AE07-70C2F30C9B8E}.Release|Any CPU.ActiveCfg = Release|Any CPU
		{C9C26205-58E1-43F7-AE07-70C2F30C9B8E}.Release|Any CPU.Build.0 = Release|Any CPU
		{53AE28B9-940C-497D-B0FE-13C99BBFDF22}.Debug|Any CPU.ActiveCfg = Debug|Any CPU
		{53AE28B9-940C-497D-B0FE-13C99BBFDF22}.Debug|Any CPU.Build.0 = Debug|Any CPU
		{53AE28B9-940C-497D-B0FE-13C99BBFDF22}.Release|Any CPU.ActiveCfg = Release|Any CPU
		{53AE28B9-940C-497D-B0FE-13C99BBFDF22}.Release|Any CPU.Build.0 = Release|Any CPU
	EndGlobalSection
	GlobalSection(SolutionProperties) = preSolution
		HideSolutionNode = FALSE
	EndGlobalSection
	GlobalSection(NestedProjects) = preSolution
		{D125FF2C-C5BF-4D00-83A0-5568E0F672A4} = {AE74620A-AF5E-41F5-8BD1-952FD1FD281A}
		{19D88C27-9470-4652-8128-145199867C2D} = {AE74620A-AF5E-41F5-8BD1-952FD1FD281A}
		{1C33B8EF-E75A-4101-BA44-81F8BF61C39C} = {D125FF2C-C5BF-4D00-83A0-5568E0F672A4}
		{20C949B7-C5BB-43F4-A135-B47EFD21312B} = {D125FF2C-C5BF-4D00-83A0-5568E0F672A4}
		{1405B36B-9C4E-418E-917B-ABD054A4CB57} = {4B287EDD-9DFC-4344-A4DB-459CE6763AAA}
		{F90F6A61-DFEE-47CC-B801-BB3CBA3E71EB} = {4B287EDD-9DFC-4344-A4DB-459CE6763AAA}
		{194DBD45-ED30-4BDD-A5E1-8293BFC617D6} = {CF03AA21-2B36-4309-BD91-ABE340A81047}
		{30146C5B-8680-4D04-BBFC-FD295813D2C5} = {EF7E6AA2-B881-4316-BD79-E43E169E7942}
		{98EF07EE-5E4B-4F56-AA82-6F4711E39EB7} = {EF7E6AA2-B881-4316-BD79-E43E169E7942}
		{AAE7C525-012E-42E8-B19C-2085DC125E24} = {EF7E6AA2-B881-4316-BD79-E43E169E7942}
		{70ECA487-2DF0-48B2-876F-EE4E3CCACB36} = {AAE7C525-012E-42E8-B19C-2085DC125E24}
		{FC80BF64-7078-481A-8557-1DD3BD8C75B5} = {AAE7C525-012E-42E8-B19C-2085DC125E24}
		{0CA83BAE-D702-4097-B692-E157B5283B91} = {CF03AA21-2B36-4309-BD91-ABE340A81047}
		{57D5F703-7A80-4318-BF20-3FAA232F5556} = {19D88C27-9470-4652-8128-145199867C2D}
		{7CA689F3-189A-41BE-AD76-8B916694D458} = {CF03AA21-2B36-4309-BD91-ABE340A81047}
		{536964E7-80D1-4D9F-8FCE-9FACFE8DFCA9} = {CF03AA21-2B36-4309-BD91-ABE340A81047}
		{A06432B2-B2A1-41CE-8DE3-E9C639295D6C} = {CF03AA21-2B36-4309-BD91-ABE340A81047}
		{649567DE-4466-420C-90DA-53B6E1806153} = {CF03AA21-2B36-4309-BD91-ABE340A81047}
		{C085FE42-A4D0-4C9B-96B6-CF9F09EAADC3} = {CF03AA21-2B36-4309-BD91-ABE340A81047}
		{E01164FE-1111-41B3-B8CB-9F0A8F126AB5} = {CF03AA21-2B36-4309-BD91-ABE340A81047}
		{725586F3-1291-445E-A750-66D3FA3E5213} = {CF03AA21-2B36-4309-BD91-ABE340A81047}
		{6D708BB2-E337-4CFF-B656-585CE76B525A} = {CF03AA21-2B36-4309-BD91-ABE340A81047}
		{8323E643-78FA-459F-A48E-854BD5AC5526} = {CF03AA21-2B36-4309-BD91-ABE340A81047}
		{ADBA492B-E296-4959-91B8-E59E21B64E95} = {CF03AA21-2B36-4309-BD91-ABE340A81047}
		{70C7BF8B-EAE2-4D76-A33C-7354140F23EE} = {AE74620A-AF5E-41F5-8BD1-952FD1FD281A}
		{6883BD22-0B22-49B0-8431-7D024EB152C9} = {4B287EDD-9DFC-4344-A4DB-459CE6763AAA}
		{B16EBD44-60C0-4594-B1A0-3C12DA85085F} = {70C7BF8B-EAE2-4D76-A33C-7354140F23EE}
		{10733EF0-7D0C-4CD4-ABBE-71710AB5A461} = {CF03AA21-2B36-4309-BD91-ABE340A81047}
		{E94BE5AB-BC46-457E-B6E1-7EF0726AEFB4} = {CF03AA21-2B36-4309-BD91-ABE340A81047}
		{C9C26205-58E1-43F7-AE07-70C2F30C9B8E} = {CF03AA21-2B36-4309-BD91-ABE340A81047}
		{53AE28B9-940C-497D-B0FE-13C99BBFDF22} = {CF03AA21-2B36-4309-BD91-ABE340A81047}
	EndGlobalSection
	GlobalSection(ExtensibilityGlobals) = postSolution
		SolutionGuid = {E569FD64-91AF-46F9-909C-127A3B963F11}
	EndGlobalSection
EndGlobal
